
Microsoft Visual Studio Solution File, Format Version 12.00
Project("{FAE04EC0-301F-11D3-BF4B-00C04F79EFBC}") = "DesignPatterns", "DesignPatterns\DesignPatterns.csproj", "{89B1F871-843C-46A0-B28F-C43359A1CFAD}"
EndProject
Global
	GlobalSection(SolutionConfigurationPlatforms) = preSolution
		Debug|Any CPU = Debug|Any CPU
		Release|Any CPU = Release|Any CPU
	EndGlobalSection
	GlobalSection(ProjectConfigurationPlatforms) = postSolution
		{89B1F871-843C-46A0-B28F-C43359A1CFAD}.Debug|Any CPU.ActiveCfg = Debug|Any CPU
		{89B1F871-843C-46A0-B28F-C43359A1CFAD}.Debug|Any CPU.Build.0 = Debug|Any CPU
		{89B1F871-843C-46A0-B28F-C43359A1CFAD}.Release|Any CPU.ActiveCfg = Release|Any CPU
		{89B1F871-843C-46A0-B28F-C43359A1CFAD}.Release|Any CPU.Build.0 = Release|Any CPU
	EndGlobalSection
EndGlobal
